// !$*UTF8*$!
{
	archiveVersion = 1;
	classes = {
	};
	objectVersion = 48;
	objects = {

/* Begin PBXBuildFile section */
		02459FC62155536E009F6145 /* AppDelegate.swift in Sources */ = {isa = PBXBuildFile; fileRef = 02459FC52155536E009F6145 /* AppDelegate.swift */; };
		02459FC82155536E009F6145 /* ViewController.swift in Sources */ = {isa = PBXBuildFile; fileRef = 02459FC72155536E009F6145 /* ViewController.swift */; };
		02459FCB2155536E009F6145 /* Main.storyboard in Resources */ = {isa = PBXBuildFile; fileRef = 02459FC92155536E009F6145 /* Main.storyboard */; };
		02459FCE2155536F009F6145 /* FoodTracker.xcdatamodeld in Sources */ = {isa = PBXBuildFile; fileRef = 02459FCC2155536F009F6145 /* FoodTracker.xcdatamodeld */; };
		02459FD02155536F009F6145 /* Assets.xcassets in Resources */ = {isa = PBXBuildFile; fileRef = 02459FCF2155536F009F6145 /* Assets.xcassets */; };
		02459FD32155536F009F6145 /* LaunchScreen.storyboard in Resources */ = {isa = PBXBuildFile; fileRef = 02459FD12155536F009F6145 /* LaunchScreen.storyboard */; };
		02459FDE2155536F009F6145 /* FoodTrackerTests.swift in Sources */ = {isa = PBXBuildFile; fileRef = 02459FDD2155536F009F6145 /* FoodTrackerTests.swift */; };
		02459FE92155536F009F6145 /* FoodTrackerUITests.swift in Sources */ = {isa = PBXBuildFile; fileRef = 02459FE82155536F009F6145 /* FoodTrackerUITests.swift */; };
		02A679832159865C0067BB37 /* RatingControl.swift in Sources */ = {isa = PBXBuildFile; fileRef = 02A679822159865C0067BB37 /* RatingControl.swift */; };
/* End PBXBuildFile section */

/* Begin PBXContainerItemProxy section */
		02459FDA2155536F009F6145 /* PBXContainerItemProxy */ = {
			isa = PBXContainerItemProxy;
			containerPortal = 02459FBA2155536E009F6145 /* Project object */;
			proxyType = 1;
			remoteGlobalIDString = 02459FC12155536E009F6145;
			remoteInfo = FoodTracker;
		};
		02459FE52155536F009F6145 /* PBXContainerItemProxy */ = {
			isa = PBXContainerItemProxy;
			containerPortal = 02459FBA2155536E009F6145 /* Project object */;
			proxyType = 1;
			remoteGlobalIDString = 02459FC12155536E009F6145;
			remoteInfo = FoodTracker;
		};
/* End PBXContainerItemProxy section */

/* Begin PBXFileReference section */
		02459FC22155536E009F6145 /* FoodTracker.app */ = {isa = PBXFileReference; explicitFileType = wrapper.application; includeInIndex = 0; path = FoodTracker.app; sourceTree = BUILT_PRODUCTS_DIR; };
		02459FC52155536E009F6145 /* AppDelegate.swift */ = {isa = PBXFileReference; lastKnownFileType = sourcecode.swift; path = AppDelegate.swift; sourceTree = "<group>"; };
		02459FC72155536E009F6145 /* ViewController.swift */ = {isa = PBXFileReference; lastKnownFileType = sourcecode.swift; path = ViewController.swift; sourceTree = "<group>"; };
		02459FCA2155536E009F6145 /* Base */ = {isa = PBXFileReference; lastKnownFileType = file.storyboard; name = Base; path = Base.lproj/Main.storyboard; sourceTree = "<group>"; };
		02459FCD2155536F009F6145 /* FoodTracker.xcdatamodel */ = {isa = PBXFileReference; lastKnownFileType = wrapper.xcdatamodel; path = FoodTracker.xcdatamodel; sourceTree = "<group>"; };
		02459FCF2155536F009F6145 /* Assets.xcassets */ = {isa = PBXFileReference; lastKnownFileType = folder.assetcatalog; path = Assets.xcassets; sourceTree = "<group>"; };
		02459FD22155536F009F6145 /* Base */ = {isa = PBXFileReference; lastKnownFileType = file.storyboard; name = Base; path = Base.lproj/LaunchScreen.storyboard; sourceTree = "<group>"; };
		02459FD42155536F009F6145 /* Info.plist */ = {isa = PBXFileReference; lastKnownFileType = text.plist.xml; path = Info.plist; sourceTree = "<group>"; };
		02459FD92155536F009F6145 /* FoodTrackerTests.xctest */ = {isa = PBXFileReference; explicitFileType = wrapper.cfbundle; includeInIndex = 0; path = FoodTrackerTests.xctest; sourceTree = BUILT_PRODUCTS_DIR; };
		02459FDD2155536F009F6145 /* FoodTrackerTests.swift */ = {isa = PBXFileReference; lastKnownFileType = sourcecode.swift; path = FoodTrackerTests.swift; sourceTree = "<group>"; };
		02459FDF2155536F009F6145 /* Info.plist */ = {isa = PBXFileReference; lastKnownFileType = text.plist.xml; path = Info.plist; sourceTree = "<group>"; };
		02459FE42155536F009F6145 /* FoodTrackerUITests.xctest */ = {isa = PBXFileReference; explicitFileType = wrapper.cfbundle; includeInIndex = 0; path = FoodTrackerUITests.xctest; sourceTree = BUILT_PRODUCTS_DIR; };
		02459FE82155536F009F6145 /* FoodTrackerUITests.swift */ = {isa = PBXFileReference; lastKnownFileType = sourcecode.swift; path = FoodTrackerUITests.swift; sourceTree = "<group>"; };
		02459FEA2155536F009F6145 /* Info.plist */ = {isa = PBXFileReference; lastKnownFileType = text.plist.xml; path = Info.plist; sourceTree = "<group>"; };
		02A679822159865C0067BB37 /* RatingControl.swift */ = {isa = PBXFileReference; lastKnownFileType = sourcecode.swift; path = RatingControl.swift; sourceTree = "<group>"; };
/* End PBXFileReference section */

/* Begin PBXFrameworksBuildPhase section */
		02459FBF2155536E009F6145 /* Frameworks */ = {
			isa = PBXFrameworksBuildPhase;
			buildActionMask = 2147483647;
			files = (
			);
			runOnlyForDeploymentPostprocessing = 0;
		};
		02459FD62155536F009F6145 /* Frameworks */ = {
			isa = PBXFrameworksBuildPhase;
			buildActionMask = 2147483647;
			files = (
			);
			runOnlyForDeploymentPostprocessing = 0;
		};
		02459FE12155536F009F6145 /* Frameworks */ = {
			isa = PBXFrameworksBuildPhase;
			buildActionMask = 2147483647;
			files = (
			);
			runOnlyForDeploymentPostprocessing = 0;
		};
/* End PBXFrameworksBuildPhase section */

/* Begin PBXGroup section */
		02459FB92155536E009F6145 = {
			isa = PBXGroup;
			children = (
				02459FC42155536E009F6145 /* FoodTracker */,
				02459FDC2155536F009F6145 /* FoodTrackerTests */,
				02459FE72155536F009F6145 /* FoodTrackerUITests */,
				02459FC32155536E009F6145 /* Products */,
			);
			sourceTree = "<group>";
		};
		02459FC32155536E009F6145 /* Products */ = {
			isa = PBXGroup;
			children = (
				02459FC22155536E009F6145 /* FoodTracker.app */,
				02459FD92155536F009F6145 /* FoodTrackerTests.xctest */,
				02459FE42155536F009F6145 /* FoodTrackerUITests.xctest */,
			);
			name = Products;
			sourceTree = "<group>";
		};
		02459FC42155536E009F6145 /* FoodTracker */ = {
			isa = PBXGroup;
			children = (
				02459FC52155536E009F6145 /* AppDelegate.swift */,
				02459FC72155536E009F6145 /* ViewController.swift */,
				02A679822159865C0067BB37 /* RatingControl.swift */,
				02459FC92155536E009F6145 /* Main.storyboard */,
				02459FCF2155536F009F6145 /* Assets.xcassets */,
				02459FD12155536F009F6145 /* LaunchScreen.storyboard */,
				02459FD42155536F009F6145 /* Info.plist */,
				02459FCC2155536F009F6145 /* FoodTracker.xcdatamodeld */,
			);
			path = FoodTracker;
			sourceTree = "<group>";
		};
		02459FDC2155536F009F6145 /* FoodTrackerTests */ = {
			isa = PBXGroup;
			children = (
				02459FDD2155536F009F6145 /* FoodTrackerTests.swift */,
				02459FDF2155536F009F6145 /* Info.plist */,
			);
			path = FoodTrackerTests;
			sourceTree = "<group>";
		};
		02459FE72155536F009F6145 /* FoodTrackerUITests */ = {
			isa = PBXGroup;
			children = (
				02459FE82155536F009F6145 /* FoodTrackerUITests.swift */,
				02459FEA2155536F009F6145 /* Info.plist */,
			);
			path = FoodTrackerUITests;
			sourceTree = "<group>";
		};
/* End PBXGroup section */

/* Begin PBXNativeTarget section */
		02459FC12155536E009F6145 /* FoodTracker */ = {
			isa = PBXNativeTarget;
			buildConfigurationList = 02459FED2155536F009F6145 /* Build configuration list for PBXNativeTarget "FoodTracker" */;
			buildPhases = (
				02459FBE2155536E009F6145 /* Sources */,
				02459FBF2155536E009F6145 /* Frameworks */,
				02459FC02155536E009F6145 /* Resources */,
			);
			buildRules = (
			);
			dependencies = (
			);
			name = FoodTracker;
			productName = FoodTracker;
			productReference = 02459FC22155536E009F6145 /* FoodTracker.app */;
			productType = "com.apple.product-type.application";
		};
		02459FD82155536F009F6145 /* FoodTrackerTests */ = {
			isa = PBXNativeTarget;
			buildConfigurationList = 02459FF02155536F009F6145 /* Build configuration list for PBXNativeTarget "FoodTrackerTests" */;
			buildPhases = (
				02459FD52155536F009F6145 /* Sources */,
				02459FD62155536F009F6145 /* Frameworks */,
				02459FD72155536F009F6145 /* Resources */,
			);
			buildRules = (
			);
			dependencies = (
				02459FDB2155536F009F6145 /* PBXTargetDependency */,
			);
			name = FoodTrackerTests;
			productName = FoodTrackerTests;
			productReference = 02459FD92155536F009F6145 /* FoodTrackerTests.xctest */;
			productType = "com.apple.product-type.bundle.unit-test";
		};
		02459FE32155536F009F6145 /* FoodTrackerUITests */ = {
			isa = PBXNativeTarget;
			buildConfigurationList = 02459FF32155536F009F6145 /* Build configuration list for PBXNativeTarget "FoodTrackerUITests" */;
			buildPhases = (
				02459FE02155536F009F6145 /* Sources */,
				02459FE12155536F009F6145 /* Frameworks */,
				02459FE22155536F009F6145 /* Resources */,
			);
			buildRules = (
			);
			dependencies = (
				02459FE62155536F009F6145 /* PBXTargetDependency */,
			);
			name = FoodTrackerUITests;
			productName = FoodTrackerUITests;
			productReference = 02459FE42155536F009F6145 /* FoodTrackerUITests.xctest */;
			productType = "com.apple.product-type.bundle.ui-testing";
		};
/* End PBXNativeTarget section */

/* Begin PBXProject section */
		02459FBA2155536E009F6145 /* Project object */ = {
			isa = PBXProject;
			attributes = {
				LastSwiftUpdateCheck = 0920;
				LastUpgradeCheck = 0920;
				ORGANIZATIONNAME = "Susan Perkins";
				TargetAttributes = {
					02459FC12155536E009F6145 = {
						CreatedOnToolsVersion = 9.2;
						ProvisioningStyle = Automatic;
					};
					02459FD82155536F009F6145 = {
						CreatedOnToolsVersion = 9.2;
						ProvisioningStyle = Automatic;
						TestTargetID = 02459FC12155536E009F6145;
					};
					02459FE32155536F009F6145 = {
						CreatedOnToolsVersion = 9.2;
						ProvisioningStyle = Automatic;
						TestTargetID = 02459FC12155536E009F6145;
					};
				};
			};
			buildConfigurationList = 02459FBD2155536E009F6145 /* Build configuration list for PBXProject "FoodTracker" */;
			compatibilityVersion = "Xcode 8.0";
			developmentRegion = en;
			hasScannedForEncodings = 0;
			knownRegions = (
				en,
				Base,
			);
			mainGroup = 02459FB92155536E009F6145;
			productRefGroup = 02459FC32155536E009F6145 /* Products */;
			projectDirPath = "";
			projectRoot = "";
			targets = (
				02459FC12155536E009F6145 /* FoodTracker */,
				02459FD82155536F009F6145 /* FoodTrackerTests */,
				02459FE32155536F009F6145 /* FoodTrackerUITests */,
			);
		};
/* End PBXProject section */

/* Begin PBXResourcesBuildPhase section */
		02459FC02155536E009F6145 /* Resources */ = {
			isa = PBXResourcesBuildPhase;
			buildActionMask = 2147483647;
			files = (
				02459FD32155536F009F6145 /* LaunchScreen.storyboard in Resources */,
				02459FD02155536F009F6145 /* Assets.xcassets in Resources */,
				02459FCB2155536E009F6145 /* Main.storyboard in Resources */,
			);
			runOnlyForDeploymentPostprocessing = 0;
		};
		02459FD72155536F009F6145 /* Resources */ = {
			isa = PBXResourcesBuildPhase;
			buildActionMask = 2147483647;
			files = (
			);
			runOnlyForDeploymentPostprocessing = 0;
		};
		02459FE22155536F009F6145 /* Resources */ = {
			isa = PBXResourcesBuildPhase;
			buildActionMask = 2147483647;
			files = (
			);
			runOnlyForDeploymentPostprocessing = 0;
		};
/* End PBXResourcesBuildPhase section */

/* Begin PBXSourcesBuildPhase section */
		02459FBE2155536E009F6145 /* Sources */ = {
			isa = PBXSourcesBuildPhase;
			buildActionMask = 2147483647;
			files = (
				02459FC82155536E009F6145 /* ViewController.swift in Sources */,
				02A679832159865C0067BB37 /* RatingControl.swift in Sources */,
				02459FC62155536E009F6145 /* AppDelegate.swift in Sources */,
				02459FCE2155536F009F6145 /* FoodTracker.xcdatamodeld in Sources */,
			);
			runOnlyForDeploymentPostprocessing = 0;
		};
		02459FD52155536F009F6145 /* Sources */ = {
			isa = PBXSourcesBuildPhase;
			buildActionMask = 2147483647;
			files = (
				02459FDE2155536F009F6145 /* FoodTrackerTests.swift in Sources */,
			);
			runOnlyForDeploymentPostprocessing = 0;
		};
		02459FE02155536F009F6145 /* Sources */ = {
			isa = PBXSourcesBuildPhase;
			buildActionMask = 2147483647;
			files = (
				02459FE92155536F009F6145 /* FoodTrackerUITests.swift in Sources */,
			);
			runOnlyForDeploymentPostprocessing = 0;
		};
/* End PBXSourcesBuildPhase section */

/* Begin PBXTargetDependency section */
		02459FDB2155536F009F6145 /* PBXTargetDependency */ = {
			isa = PBXTargetDependency;
			target = 02459FC12155536E009F6145 /* FoodTracker */;
			targetProxy = 02459FDA2155536F009F6145 /* PBXContainerItemProxy */;
		};
		02459FE62155536F009F6145 /* PBXTargetDependency */ = {
			isa = PBXTargetDependency;
			target = 02459FC12155536E009F6145 /* FoodTracker */;
			targetProxy = 02459FE52155536F009F6145 /* PBXContainerItemProxy */;
		};
/* End PBXTargetDependency section */

/* Begin PBXVariantGroup section */
		02459FC92155536E009F6145 /* Main.storyboard */ = {
			isa = PBXVariantGroup;
			children = (
				02459FCA2155536E009F6145 /* Base */,
			);
			name = Main.storyboard;
			sourceTree = "<group>";
		};
		02459FD12155536F009F6145 /* LaunchScreen.storyboard */ = {
			isa = PBXVariantGroup;
			children = (
				02459FD22155536F009F6145 /* Base */,
			);
			name = LaunchScreen.storyboard;
			sourceTree = "<group>";
		};
/* End PBXVariantGroup section */

/* Begin XCBuildConfiguration section */
		02459FEB2155536F009F6145 /* Debug */ = {
			isa = XCBuildConfiguration;
			buildSettings = {
				ALWAYS_SEARCH_USER_PATHS = NO;
				CLANG_ANALYZER_NONNULL = YES;
				CLANG_ANALYZER_NUMBER_OBJECT_CONVERSION = YES_AGGRESSIVE;
				CLANG_CXX_LANGUAGE_STANDARD = "gnu++14";
				CLANG_CXX_LIBRARY = "libc++";
				CLANG_ENABLE_MODULES = YES;
				CLANG_ENABLE_OBJC_ARC = YES;
				CLANG_WARN_BLOCK_CAPTURE_AUTORELEASING = YES;
				CLANG_WARN_BOOL_CONVERSION = YES;
				CLANG_WARN_COMMA = YES;
				CLANG_WARN_CONSTANT_CONVERSION = YES;
				CLANG_WARN_DIRECT_OBJC_ISA_USAGE = YES_ERROR;
				CLANG_WARN_DOCUMENTATION_COMMENTS = YES;
				CLANG_WARN_EMPTY_BODY = YES;
				CLANG_WARN_ENUM_CONVERSION = YES;
				CLANG_WARN_INFINITE_RECURSION = YES;
				CLANG_WARN_INT_CONVERSION = YES;
				CLANG_WARN_NON_LITERAL_NULL_CONVERSION = YES;
				CLANG_WARN_OBJC_LITERAL_CONVERSION = YES;
				CLANG_WARN_OBJC_ROOT_CLASS = YES_ERROR;
				CLANG_WARN_RANGE_LOOP_ANALYSIS = YES;
				CLANG_WARN_STRICT_PROTOTYPES = YES;
				CLANG_WARN_SUSPICIOUS_MOVE = YES;
				CLANG_WARN_UNGUARDED_AVAILABILITY = YES_AGGRESSIVE;
				CLANG_WARN_UNREACHABLE_CODE = YES;
				CLANG_WARN__DUPLICATE_METHOD_MATCH = YES;
				CODE_SIGN_IDENTITY = "iPhone Developer";
				COPY_PHASE_STRIP = NO;
				DEBUG_INFORMATION_FORMAT = dwarf;
				ENABLE_STRICT_OBJC_MSGSEND = YES;
				ENABLE_TESTABILITY = YES;
				GCC_C_LANGUAGE_STANDARD = gnu11;
				GCC_DYNAMIC_NO_PIC = NO;
				GCC_NO_COMMON_BLOCKS = YES;
				GCC_OPTIMIZATION_LEVEL = 0;
				GCC_PREPROCESSOR_DEFINITIONS = (
					"DEBUG=1",
					"$(inherited)",
				);
				GCC_WARN_64_TO_32_BIT_CONVERSION = YES;
				GCC_WARN_ABOUT_RETURN_TYPE = YES_ERROR;
				GCC_WARN_UNDECLARED_SELECTOR = YES;
				GCC_WARN_UNINITIALIZED_AUTOS = YES_AGGRESSIVE;
				GCC_WARN_UNUSED_FUNCTION = YES;
				GCC_WARN_UNUSED_VARIABLE = YES;
				IPHONEOS_DEPLOYMENT_TARGET = 11.2;
				MTL_ENABLE_DEBUG_INFO = YES;
				ONLY_ACTIVE_ARCH = YES;
				SDKROOT = iphoneos;
				SWIFT_ACTIVE_COMPILATION_CONDITIONS = DEBUG;
				SWIFT_OPTIMIZATION_LEVEL = "-Onone";
			};
			name = Debug;
		};
		02459FEC2155536F009F6145 /* Release */ = {
			isa = XCBuildConfiguration;
			buildSettings = {
				ALWAYS_SEARCH_USER_PATHS = NO;
				CLANG_ANALYZER_NONNULL = YES;
				CLANG_ANALYZER_NUMBER_OBJECT_CONVERSION = YES_AGGRESSIVE;
				CLANG_CXX_LANGUAGE_STANDARD = "gnu++14";
				CLANG_CXX_LIBRARY = "libc++";
				CLANG_ENABLE_MODULES = YES;
				CLANG_ENABLE_OBJC_ARC = YES;
				CLANG_WARN_BLOCK_CAPTURE_AUTORELEASING = YES;
				CLANG_WARN_BOOL_CONVERSION = YES;
				CLANG_WARN_COMMA = YES;
				CLANG_WARN_CONSTANT_CONVERSION = YES;
				CLANG_WARN_DIRECT_OBJC_ISA_USAGE = YES_ERROR;
				CLANG_WARN_DOCUMENTATION_COMMENTS = YES;
				CLANG_WARN_EMPTY_BODY = YES;
				CLANG_WARN_ENUM_CONVERSION = YES;
				CLANG_WARN_INFINITE_RECURSION = YES;
				CLANG_WARN_INT_CONVERSION = YES;
				CLANG_WARN_NON_LITERAL_NULL_CONVERSION = YES;
				CLANG_WARN_OBJC_LITERAL_CONVERSION = YES;
				CLANG_WARN_OBJC_ROOT_CLASS = YES_ERROR;
				CLANG_WARN_RANGE_LOOP_ANALYSIS = YES;
				CLANG_WARN_STRICT_PROTOTYPES = YES;
				CLANG_WARN_SUSPICIOUS_MOVE = YES;
				CLANG_WARN_UNGUARDED_AVAILABILITY = YES_AGGRESSIVE;
				CLANG_WARN_UNREACHABLE_CODE = YES;
				CLANG_WARN__DUPLICATE_METHOD_MATCH = YES;
				CODE_SIGN_IDENTITY = "iPhone Developer";
				COPY_PHASE_STRIP = NO;
				DEBUG_INFORMATION_FORMAT = "dwarf-with-dsym";
				ENABLE_NS_ASSERTIONS = NO;
				ENABLE_STRICT_OBJC_MSGSEND = YES;
				GCC_C_LANGUAGE_STANDARD = gnu11;
				GCC_NO_COMMON_BLOCKS = YES;
				GCC_WARN_64_TO_32_BIT_CONVERSION = YES;
				GCC_WARN_ABOUT_RETURN_TYPE = YES_ERROR;
				GCC_WARN_UNDECLARED_SELECTOR = YES;
				GCC_WARN_UNINITIALIZED_AUTOS = YES_AGGRESSIVE;
				GCC_WARN_UNUSED_FUNCTION = YES;
				GCC_WARN_UNUSED_VARIABLE = YES;
				IPHONEOS_DEPLOYMENT_TARGET = 11.2;
				MTL_ENABLE_DEBUG_INFO = NO;
				SDKROOT = iphoneos;
				SWIFT_OPTIMIZATION_LEVEL = "-Owholemodule";
				VALIDATE_PRODUCT = YES;
			};
			name = Release;
		};
		02459FEE2155536F009F6145 /* Debug */ = {
			isa = XCBuildConfiguration;
			buildSettings = {
				ASSETCATALOG_COMPILER_APPICON_NAME = AppIcon;
				CODE_SIGN_STYLE = Automatic;
				DEVELOPMENT_TEAM = R4S4CL2EN6;
				INFOPLIST_FILE = FoodTracker/Info.plist;
				LD_RUNPATH_SEARCH_PATHS = "$(inherited) @executable_path/Frameworks";
				PRODUCT_BUNDLE_IDENTIFIER = "ca.hold-fast.FoodTracker";
				PRODUCT_NAME = "$(TARGET_NAME)";
				SWIFT_VERSION = 4.0;
				TARGETED_DEVICE_FAMILY = "1,2";
			};
			name = Debug;
		};
		02459FEF2155536F009F6145 /* Release */ = {
			isa = XCBuildConfiguration;
			buildSettings = {
				ASSETCATALOG_COMPILER_APPICON_NAME = AppIcon;
				CODE_SIGN_STYLE = Automatic;
				DEVELOPMENT_TEAM = R4S4CL2EN6;
				INFOPLIST_FILE = FoodTracker/Info.plist;
				LD_RUNPATH_SEARCH_PATHS = "$(inherited) @executable_path/Frameworks";
				PRODUCT_BUNDLE_IDENTIFIER = "ca.hold-fast.FoodTracker";
				PRODUCT_NAME = "$(TARGET_NAME)";
				SWIFT_VERSION = 4.0;
				TARGETED_DEVICE_FAMILY = "1,2";
			};
			name = Release;
		};
		02459FF12155536F009F6145 /* Debug */ = {
			isa = XCBuildConfiguration;
			buildSettings = {
				ALWAYS_EMBED_SWIFT_STANDARD_LIBRARIES = YES;
				BUNDLE_LOADER = "$(TEST_HOST)";
				CODE_SIGN_STYLE = Automatic;
				DEVELOPMENT_TEAM = R4S4CL2EN6;
				INFOPLIST_FILE = FoodTrackerTests/Info.plist;
				LD_RUNPATH_SEARCH_PATHS = "$(inherited) @executable_path/Frameworks @loader_path/Frameworks";
				PRODUCT_BUNDLE_IDENTIFIER = HoldFast.FoodTrackerTests;
				PRODUCT_NAME = "$(TARGET_NAME)";
				SWIFT_VERSION = 4.0;
				TARGETED_DEVICE_FAMILY = "1,2";
				TEST_HOST = "$(BUILT_PRODUCTS_DIR)/FoodTracker.app/FoodTracker";
			};
			name = Debug;
		};
		02459FF22155536F009F6145 /* Release */ = {
			isa = XCBuildConfiguration;
			buildSettings = {
				ALWAYS_EMBED_SWIFT_STANDARD_LIBRARIES = YES;
				BUNDLE_LOADER = "$(TEST_HOST)";
				CODE_SIGN_STYLE = Automatic;
				DEVELOPMENT_TEAM = R4S4CL2EN6;
				INFOPLIST_FILE = FoodTrackerTests/Info.plist;
				LD_RUNPATH_SEARCH_PATHS = "$(inherited) @executable_path/Frameworks @loader_path/Frameworks";
				PRODUCT_BUNDLE_IDENTIFIER = HoldFast.FoodTrackerTests;
				PRODUCT_NAME = "$(TARGET_NAME)";
				SWIFT_VERSION = 4.0;
				TARGETED_DEVICE_FAMILY = "1,2";
				TEST_HOST = "$(BUILT_PRODUCTS_DIR)/FoodTracker.app/FoodTracker";
			};
			name = Release;
		};
		02459FF42155536F009F6145 /* Debug */ = {
			isa = XCBuildConfiguration;
			buildSettings = {
				ALWAYS_EMBED_SWIFT_STANDARD_LIBRARIES = YES;
				CODE_SIGN_STYLE = Automatic;
				DEVELOPMENT_TEAM = R4S4CL2EN6;
				INFOPLIST_FILE = FoodTrackerUITests/Info.plist;
				LD_RUNPATH_SEARCH_PATHS = "$(inherited) @executable_path/Frameworks @loader_path/Frameworks";
				PRODUCT_BUNDLE_IDENTIFIER = HoldFast.FoodTrackerUITests;
				PRODUCT_NAME = "$(TARGET_NAME)";
				SWIFT_VERSION = 4.0;
				TARGETED_DEVICE_FAMILY = "1,2";
				TEST_TARGET_NAME = FoodTracker;
			};
			name = Debug;
		};
		02459FF52155536F009F6145 /* Release */ = {
			isa = XCBuildConfiguration;
			buildSettings = {
				ALWAYS_EMBED_SWIFT_STANDARD_LIBRARIES = YES;
				CODE_SIGN_STYLE = Automatic;
				DEVELOPMENT_TEAM = R4S4CL2EN6;
				INFOPLIST_FILE = FoodTrackerUITests/Info.plist;
				LD_RUNPATH_SEARCH_PATHS = "$(inherited) @executable_path/Frameworks @loader_path/Frameworks";
				PRODUCT_BUNDLE_IDENTIFIER = HoldFast.FoodTrackerUITests;
				PRODUCT_NAME = "$(TARGET_NAME)";
				SWIFT_VERSION = 4.0;
				TARGETED_DEVICE_FAMILY = "1,2";
				TEST_TARGET_NAME = FoodTracker;
			};
			name = Release;
		};
/* End XCBuildConfiguration section */

/* Begin XCConfigurationList section */
		02459FBD2155536E009F6145 /* Build configuration list for PBXProject "FoodTracker" */ = {
			isa = XCConfigurationList;
			buildConfigurations = (
				02459FEB2155536F009F6145 /* Debug */,
				02459FEC2155536F009F6145 /* Release */,
			);
			defaultConfigurationIsVisible = 0;
			defaultConfigurationName = Release;
		};
		02459FED2155536F009F6145 /* Build configuration list for PBXNativeTarget "FoodTracker" */ = {
			isa = XCConfigurationList;
			buildConfigurations = (
				02459FEE2155536F009F6145 /* Debug */,
				02459FEF2155536F009F6145 /* Release */,
			);
			defaultConfigurationIsVisible = 0;
			defaultConfigurationName = Release;
		};
		02459FF02155536F009F6145 /* Build configuration list for PBXNativeTarget "FoodTrackerTests" */ = {
			isa = XCConfigurationList;
			buildConfigurations = (
				02459FF12155536F009F6145 /* Debug */,
				02459FF22155536F009F6145 /* Release */,
			);
			defaultConfigurationIsVisible = 0;
			defaultConfigurationName = Release;
		};
		02459FF32155536F009F6145 /* Build configuration list for PBXNativeTarget "FoodTrackerUITests" */ = {
			isa = XCConfigurationList;
			buildConfigurations = (
				02459FF42155536F009F6145 /* Debug */,
				02459FF52155536F009F6145 /* Release */,
			);
			defaultConfigurationIsVisible = 0;
			defaultConfigurationName = Release;
		};
/* End XCConfigurationList section */

/* Begin XCVersionGroup section */
		02459FCC2155536F009F6145 /* FoodTracker.xcdatamodeld */ = {
			isa = XCVersionGroup;
			children = (
				02459FCD2155536F009F6145 /* FoodTracker.xcdatamodel */,
			);
			currentVersion = 02459FCD2155536F009F6145 /* FoodTracker.xcdatamodel */;
			path = FoodTracker.xcdatamodeld;
			sourceTree = "<group>";
			versionGroupType = wrapper.xcdatamodel;
		};
/* End XCVersionGroup section */
	};
	rootObject = 02459FBA2155536E009F6145 /* Project object */;
}
